// !$*UTF8*$!
{
	archiveVersion = 1;
	classes = {
	};
	objectVersion = 46;
	objects = {

/* Begin PBXBuildFile section */
		AE684B8C1C8AB489007DC5F8 /* main.cpp in Sources */ = {isa = PBXBuildFile; fileRef = AE684B8B1C8AB489007DC5F8 /* main.cpp */; };
/* End PBXBuildFile section */

/* Begin PBXCopyFilesBuildPhase section */
		AE684B861C8AB489007DC5F8 /* CopyFiles */ = {
			isa = PBXCopyFilesBuildPhase;
			buildActionMask = 2147483647;
			dstPath = /usr/share/man/man1/;
			dstSubfolderSpec = 0;
			files = (
			);
			runOnlyForDeploymentPostprocessing = 1;
		};
/* End PBXCopyFilesBuildPhase section */

/* Begin PBXFileReference section */
		AE684B881C8AB489007DC5F8 /* Network Chat Client */ = {isa = PBXFileReference; explicitFileType = "compiled.mach-o.executable"; includeInIndex = 0; path = "Network Chat Client"; sourceTree = BUILT_PRODUCTS_DIR; };
		AE684B8B1C8AB489007DC5F8 /* main.cpp */ = {isa = PBXFileReference; lastKnownFileType = sourcecode.cpp.cpp; path = main.cpp; sourceTree = "<group>"; };
		AE684B921C8AB5FD007DC5F8 /* UNP.h */ = {isa = PBXFileReference; lastKnownFileType = sourcecode.c.h; path = UNP.h; sourceTree = "<group>"; };
/* End PBXFileReference section */

/* Begin PBXFrameworksBuildPhase section */
		AE684B851C8AB489007DC5F8 /* Frameworks */ = {
			isa = PBXFrameworksBuildPhase;
			buildActionMask = 2147483647;
			files = (
			);
			runOnlyForDeploymentPostprocessing = 0;
		};
/* End PBXFrameworksBuildPhase section */

/* Begin PBXGroup section */
		AE684B7F1C8AB489007DC5F8 = {
			isa = PBXGroup;
			children = (
				AE684B8A1C8AB489007DC5F8 /* Network Chat Client */,
				AE684B891C8AB489007DC5F8 /* Products */,
			);
			sourceTree = "<group>";
		};
		AE684B891C8AB489007DC5F8 /* Products */ = {
			isa = PBXGroup;
			children = (
				AE684B881C8AB489007DC5F8 /* Network Chat Client */,
			);
			name = Products;
			sourceTree = "<group>";
		};
		AE684B8A1C8AB489007DC5F8 /* Network Chat Client */ = {
			isa = PBXGroup;
			children = (
				AE684B8B1C8AB489007DC5F8 /* main.cpp */,
				AE684B921C8AB5FD007DC5F8 /* UNP.h */,
			);
			path = "Network Chat Client";
			sourceTree = "<group>";
		};
/* End PBXGroup section */

/* Begin PBXNativeTarget section */
		AE684B871C8AB489007DC5F8 /* Network Chat Client */ = {
			isa = PBXNativeTarget;
			buildConfigurationList = AE684B8F1C8AB489007DC5F8 /* Build configuration list for PBXNativeTarget "Network Chat Client" */;
			buildPhases = (
				AE684B841C8AB489007DC5F8 /* Sources */,
				AE684B851C8AB489007DC5F8 /* Frameworks */,
				AE684B861C8AB489007DC5F8 /* CopyFiles */,
			);
			buildRules = (
			);
			dependencies = (
			);
			name = "Network Chat Client";
			productName = "Network Chat Client";
			productReference = AE684B881C8AB489007DC5F8 /* Network Chat Client */;
			productType = "com.apple.product-type.tool";
		};
/* End PBXNativeTarget section */

/* Begin PBXProject section */
		AE684B801C8AB489007DC5F8 /* Project object */ = {
			isa = PBXProject;
			attributes = {
				LastUpgradeCheck = 0720;
				ORGANIZATIONNAME = "Manish Jangir";
				TargetAttributes = {
					AE684B871C8AB489007DC5F8 = {
						CreatedOnToolsVersion = 7.2;
					};
				};
			};
			buildConfigurationList = AE684B831C8AB489007DC5F8 /* Build configuration list for PBXProject "Network Chat Client" */;
			compatibilityVersion = "Xcode 3.2";
			developmentRegion = English;
			hasScannedForEncodings = 0;
			knownRegions = (
				en,
			);
			mainGroup = AE684B7F1C8AB489007DC5F8;
			productRefGroup = AE684B891C8AB489007DC5F8 /* Products */;
			projectDirPath = "";
			projectRoot = "";
			targets = (
				AE684B871C8AB489007DC5F8 /* Network Chat Client */,
			);
		};
/* End PBXProject section */

/* Begin PBXSourcesBuildPhase section */
		AE684B841C8AB489007DC5F8 /* Sources */ = {
			isa = PBXSourcesBuildPhase;
			buildActionMask = 2147483647;
			files = (
				AE684B8C1C8AB489007DC5F8 /* main.cpp in Sources */,
			);
			runOnlyForDeploymentPostprocessing = 0;
		};
/* End PBXSourcesBuildPhase section */

/* Begin XCBuildConfiguration section */
		AE684B8D1C8AB489007DC5F8 /* Debug */ = {
			isa = XCBuildConfiguration;
			buildSettings = {
				ALWAYS_SEARCH_USER_PATHS = NO;
				CLANG_CXX_LANGUAGE_STANDARD = "gnu++0x";
				CLANG_CXX_LIBRARY = "libc++";
				CLANG_ENABLE_MODULES = YES;
				CLANG_ENABLE_OBJC_ARC = YES;
				CLANG_WARN_BOOL_CONVERSION = YES;
				CLANG_WARN_CONSTANT_CONVERSION = YES;
				CLANG_WARN_DIRECT_OBJC_ISA_USAGE = YES_ERROR;
				CLANG_WARN_EMPTY_BODY = YES;
				CLANG_WARN_ENUM_CONVERSION = YES;
				CLANG_WARN_INT_CONVERSION = YES;
				CLANG_WARN_OBJC_ROOT_CLASS = YES_ERROR;
				CLANG_WARN_UNREACHABLE_CODE = YES;
				CLANG_WARN__DUPLICATE_METHOD_MATCH = YES;
				CODE_SIGN_IDENTITY = "-";
				COPY_PHASE_STRIP = NO;
				DEBUG_INFORMATION_FORMAT = dwarf;
				ENABLE_STRICT_OBJC_MSGSEND = YES;
				ENABLE_TESTABILITY = YES;
				GCC_C_LANGUAGE_STANDARD = gnu99;
				GCC_DYNAMIC_NO_PIC = NO;
				GCC_NO_COMMON_BLOCKS = YES;
				GCC_OPTIMIZATION_LEVEL = 0;
				GCC_PREPROCESSOR_DEFINITIONS = (
					"DEBUG=1",
					"$(inherited)",
				);
				GCC_WARN_64_TO_32_BIT_CONVERSION = YES;
				GCC_WARN_ABOUT_RETURN_TYPE = YES_ERROR;
				GCC_WARN_UNDECLARED_SELECTOR = YES;
				GCC_WARN_UNINITIALIZED_AUTOS = YES_AGGRESSIVE;
				GCC_WARN_UNUSED_FUNCTION = YES;
				GCC_WARN_UNUSED_VARIABLE = YES;
				MACOSX_DEPLOYMENT_TARGET = 10.11;
				MTL_ENABLE_DEBUG_INFO = YES;
				ONLY_ACTIVE_ARCH = YES;
				SDKROOT = macosx;
			};
			name = Debug;
		};
		AE684B8E1C8AB489007DC5F8 /* Release */ = {
			isa = XCBuildConfiguration;
			buildSettings = {
				ALWAYS_SEARCH_USER_PATHS = NO;
				CLANG_CXX_LANGUAGE_STANDARD = "gnu++0x";
				CLANG_CXX_LIBRARY = "libc++";
				CLANG_ENABLE_MODULES = YES;
				CLANG_ENABLE_OBJC_ARC = YES;
				CLANG_WARN_BOOL_CONVERSION = YES;
				CLANG_WARN_CONSTANT_CONVERSION = YES;
				CLANG_WARN_DIRECT_OBJC_ISA_USAGE = YES_ERROR;
				CLANG_WARN_EMPTY_BODY = YES;
				CLANG_WARN_ENUM_CONVERSION = YES;
				CLANG_WARN_INT_CONVERSION = YES;
				CLANG_WARN_OBJC_ROOT_CLASS = YES_ERROR;
				CLANG_WARN_UNREACHABLE_CODE = YES;
				CLANG_WARN__DUPLICATE_METHOD_MATCH = YES;
				CODE_SIGN_IDENTITY = "-";
				COPY_PHASE_STRIP = NO;
				DEBUG_INFORMATION_FORMAT = "dwarf-with-dsym";
				ENABLE_NS_ASSERTIONS = NO;
				ENABLE_STRICT_OBJC_MSGSEND = YES;
				GCC_C_LANGUAGE_STANDARD = gnu99;
				GCC_NO_COMMON_BLOCKS = YES;
				GCC_WARN_64_TO_32_BIT_CONVERSION = YES;
				GCC_WARN_ABOUT_RETURN_TYPE = YES_ERROR;
				GCC_WARN_UNDECLARED_SELECTOR = YES;
				GCC_WARN_UNINITIALIZED_AUTOS = YES_AGGRESSIVE;
				GCC_WARN_UNUSED_FUNCTION = YES;
				GCC_WARN_UNUSED_VARIABLE = YES;
				MACOSX_DEPLOYMENT_TARGET = 10.11;
				MTL_ENABLE_DEBUG_INFO = NO;
				SDKROOT = macosx;
			};
			name = Release;
		};
		AE684B901C8AB489007DC5F8 /* Debug */ = {
			isa = XCBuildConfiguration;
			buildSettings = {
				PRODUCT_NAME = "$(TARGET_NAME)";
			};
			name = Debug;
		};
		AE684B911C8AB489007DC5F8 /* Release */ = {
			isa = XCBuildConfiguration;
			buildSettings = {
				PRODUCT_NAME = "$(TARGET_NAME)";
			};
			name = Release;
		};
/* End XCBuildConfiguration section */

/* Begin XCConfigurationList section */
		AE684B831C8AB489007DC5F8 /* Build configuration list for PBXProject "Network Chat Client" */ = {
			isa = XCConfigurationList;
			buildConfigurations = (
				AE684B8D1C8AB489007DC5F8 /* Debug */,
				AE684B8E1C8AB489007DC5F8 /* Release */,
			);
			defaultConfigurationIsVisible = 0;
			defaultConfigurationName = Release;
		};
		AE684B8F1C8AB489007DC5F8 /* Build configuration list for PBXNativeTarget "Network Chat Client" */ = {
			isa = XCConfigurationList;
			buildConfigurations = (
				AE684B901C8AB489007DC5F8 /* Debug */,
				AE684B911C8AB489007DC5F8 /* Release */,
			);
			defaultConfigurationIsVisible = 0;
		};
/* End XCConfigurationList section */
	};
	rootObject = AE684B801C8AB489007DC5F8 /* Project object */;
}
